
Microsoft Visual Studio Solution File, Format Version 12.00
# Visual Studio Version 17
VisualStudioVersion = 17.9.34902.65
MinimumVisualStudioVersion = 10.0.40219.1
Project("{FAE04EC0-301F-11D3-BF4B-00C04F79EFBC}") = "ConsoleApp1", "ConsoleApp1\ConsoleApp1.csproj", "{609E864B-5348-4B4B-8BF0-CB603B76DEBC}"
EndProject
Global
	GlobalSection(SolutionConfigurationPlatforms) = preSolution
		Debug|Any CPU = Debug|Any CPU
		Release|Any CPU = Release|Any CPU
	EndGlobalSection
	GlobalSection(ProjectConfigurationPlatforms) = postSolution
		{609E864B-5348-4B4B-8BF0-CB603B76DEBC}.Debug|Any CPU.ActiveCfg = Debug|Any CPU
		{609E864B-5348-4B4B-8BF0-CB603B76DEBC}.Debug|Any CPU.Build.0 = Debug|Any CPU
		{609E864B-5348-4B4B-8BF0-CB603B76DEBC}.Release|Any CPU.ActiveCfg = Release|Any CPU
		{609E864B-5348-4B4B-8BF0-CB603B76DEBC}.Release|Any CPU.Build.0 = Release|Any CPU
	EndGlobalSection
	GlobalSection(SolutionProperties) = preSolution
		HideSolutionNode = FALSE
	EndGlobalSection
	GlobalSection(ExtensibilityGlobals) = postSolution
		SolutionGuid = {85B59288-E555-4E6D-BE5F-D1036AD6F702}
	EndGlobalSection
EndGlobal
